{
  "name": "@kotoba-lang/property-runtime",
  "lockfileVersion": 3,
  "requires": true,
  "packages": {
    "": {
      "name": "@kotoba-lang/property-runtime",
      "dependencies": {
        "datascript": "1.7.8"
      }
    },
    "node_modules/datascript": {
      "version": "1.7.8",
      "resolved": "https://registry.npmjs.org/datascript/-/datascript-1.7.8.tgz",
      "integrity": "sha512-PFJNAbcUgVxkLGXBbvkEqTAvcRWCLuw/PibWuLuwaZhXAgI5xx7p9l9FHHFCqKoDODenzhfLKuQJ8987ShsNqg==",
      "engines": {
        "node": ">=0.8.22"
      }
    }
  }
}
